
Microsoft Visual Studio Solution File, Format Version 12.00
# Visual Studio Version 16
VisualStudioVersion = 16.0.31515.178
MinimumVisualStudioVersion = 10.0.40219.1
Project("{FAE04EC0-301F-11D3-BF4B-00C04F79EFBC}") = "doyo-kouza-RPG", "doyo-kouza-RPG\doyo-kouza-RPG.csproj", "{320B5730-C08F-4F40-92D9-9BAFD113D198}"
EndProject
Global
	GlobalSection(SolutionConfigurationPlatforms) = preSolution
		Debug|Any CPU = Debug|Any CPU
		Release|Any CPU = Release|Any CPU
	EndGlobalSection
	GlobalSection(ProjectConfigurationPlatforms) = postSolution
		{320B5730-C08F-4F40-92D9-9BAFD113D198}.Debug|Any CPU.ActiveCfg = Debug|Any CPU
		{320B5730-C08F-4F40-92D9-9BAFD113D198}.Debug|Any CPU.Build.0 = Debug|Any CPU
		{320B5730-C08F-4F40-92D9-9BAFD113D198}.Release|Any CPU.ActiveCfg = Release|Any CPU
		{320B5730-C08F-4F40-92D9-9BAFD113D198}.Release|Any CPU.Build.0 = Release|Any CPU
	EndGlobalSection
	GlobalSection(SolutionProperties) = preSolution
		HideSolutionNode = FALSE
	EndGlobalSection
	GlobalSection(ExtensibilityGlobals) = postSolution
		SolutionGuid = {BA9DE84E-84E0-4922-90A1-0133D069207C}
	EndGlobalSection
EndGlobal
